{
  "name": "shorten-with-lanza.me",
  "version": "1.0.0",
  "lockfileVersion": 2,
  "requires": true,
  "packages": {
    "": {
      "version": "1.0.0",
      "license": "UNLICENSED",
      "dependencies": {
        "shorten-with-lanza.me": "^1.0.0"
      }
    },
    "node_modules/shorten-with-lanza.me": {
      "version": "1.0.0",
      "resolved": "https://registry.npmjs.org/shorten-with-lanza.me/-/shorten-with-lanza.me-1.0.0.tgz",
      "integrity": "sha512-JuZld6csR5P5DW8yiQxsKpApRyqpkQF1SToTWghu6J/v6R20zdsy3Jm7RBv9YpIu8c/YW/oX2futmM5XXv5Bpw=="
    }
  },
  "dependencies": {
    "shorten-with-lanza.me": {
      "version": "1.0.0",
      "resolved": "https://registry.npmjs.org/shorten-with-lanza.me/-/shorten-with-lanza.me-1.0.0.tgz",
      "integrity": "sha512-JuZld6csR5P5DW8yiQxsKpApRyqpkQF1SToTWghu6J/v6R20zdsy3Jm7RBv9YpIu8c/YW/oX2futmM5XXv5Bpw=="
    }
  }
}
